
Microsoft Visual Studio Solution File, Format Version 12.00
# Visual Studio Version 17
VisualStudioVersion = 17.11.35312.102
MinimumVisualStudioVersion = 10.0.40219.1
Project("{9A19103F-16F7-4668-BE54-9A1E7A4F7556}") = "HalyomorphaHalys.ConsoleApp", "HalyomorphaHalys.ConsoleApp\HalyomorphaHalys.ConsoleApp.csproj", "{45CF3D62-35BF-4879-86D9-75CEDDD79A9C}"
EndProject
Project("{9A19103F-16F7-4668-BE54-9A1E7A4F7556}") = "HalyomorphaHalysMLModel_ConsoleTestApp", "HalyomorphaHalysMLModel_ConsoleTestApp\HalyomorphaHalysMLModel_ConsoleTestApp.csproj", "{1699D866-CFFC-4E1A-8ACD-5689FAC08764}"
EndProject
Project("{9A19103F-16F7-4668-BE54-9A1E7A4F7556}") = "HalyomorphaHalys.WebApi", "HalyomorphaHalys.WebApi\HalyomorphaHalys.WebApi.csproj", "{0E154C30-E76C-49B3-8330-08FFB94401B0}"
EndProject
Project("{FAE04EC0-301F-11D3-BF4B-00C04F79EFBC}") = "HalyomorphaHalys.MobileApp.UWP", "HalyomorphaHalys.MobileApp\HalyomorphaHalys.MobileApp.UWP\HalyomorphaHalys.MobileApp.UWP.csproj", "{CD520A75-F143-4F49-9F83-21909E53A4D0}"
EndProject
Project("{FAE04EC0-301F-11D3-BF4B-00C04F79EFBC}") = "HalyomorphaHalys.MobileApp.Android", "HalyomorphaHalys.MobileApp\HalyomorphaHalys.MobileApp.Android\HalyomorphaHalys.MobileApp.Android.csproj", "{65BB1048-F96C-451B-A66A-00789F0B8961}"
EndProject
Project("{FAE04EC0-301F-11D3-BF4B-00C04F79EFBC}") = "HalyomorphaHalys.MobileApp.iOS", "HalyomorphaHalys.MobileApp\HalyomorphaHalys.MobileApp.iOS\HalyomorphaHalys.MobileApp.iOS.csproj", "{48FA0A32-2DD9-4C93-AB23-5CB06AA2863E}"
EndProject
Project("{FAE04EC0-301F-11D3-BF4B-00C04F79EFBC}") = "HalyomorphaHalys.MobileApp", "HalyomorphaHalys.MobileApp\HalyomorphaHalys.MobileApp\HalyomorphaHalys.MobileApp.csproj", "{026E3284-3F71-4E08-B9DF-ED4EE0B92009}"
EndProject
Project("{FAE04EC0-301F-11D3-BF4B-00C04F79EFBC}") = "HalyomorphaHalys.WebApp", "HalyomorphaHalys.WebApp\HalyomorphaHalys.WebApp.csproj", "{5FA37F76-E2C3-4E5F-B69E-FDC0334C8CF7}"
EndProject
Project("{FAE04EC0-301F-11D3-BF4B-00C04F79EFBC}") = "HalyomorphaHalys.DesktopApp", "HalyomorphaHalys.DesktopApp\HalyomorphaHalys.DesktopApp.csproj", "{39DE2C1F-2312-4800-90B4-8E5EFB4FCEBB}"
EndProject
Project("{2150E333-8FDC-42A3-9474-1A3956D46DE8}") = "APIs", "APIs", "{89394272-45B8-4986-AF1A-388D7B55FE68}"
EndProject
Project("{2150E333-8FDC-42A3-9474-1A3956D46DE8}") = "ApiGateway", "ApiGateway", "{51D20CF9-5B33-4FDB-991B-945E2CCEBC6C}"
EndProject
Project("{2150E333-8FDC-42A3-9474-1A3956D46DE8}") = "Authentication", "Authentication", "{2908839D-3B3F-4BC0-90D2-A7CDDFA073DD}"
EndProject
Project("{2150E333-8FDC-42A3-9474-1A3956D46DE8}") = "HalyomorphaHalysClassifier", "HalyomorphaHalysClassifier", "{6652C15F-3CE4-4DED-8D30-BD9B29DCA948}"
EndProject
Project("{2150E333-8FDC-42A3-9474-1A3956D46DE8}") = "DensityMap", "DensityMap", "{F1F023F8-91E5-4E08-9DAE-3C436A593BCE}"
EndProject
Project("{FAE04EC0-301F-11D3-BF4B-00C04F79EFBC}") = "HalyomorphaHalys.ApiGateway", "HalyomorphaHalys.ApiGateway\HalyomorphaHalys.ApiGateway.csproj", "{C1A79195-E699-4A8B-AA7A-7EAB4F3FD4B0}"
EndProject
Project("{FAE04EC0-301F-11D3-BF4B-00C04F79EFBC}") = "HalyomorphaHalys.Authentication", "HalyomorphaHalys.Authentication\HalyomorphaHalys.Authentication.csproj", "{45C8B9DD-732D-4C4E-9E91-ACEE174FD5BF}"
EndProject
Project("{FAE04EC0-301F-11D3-BF4B-00C04F79EFBC}") = "HalyomorphaHalys.DensityMap", "HalyomorphaHalys.DensityMap\HalyomorphaHalys.DensityMap.csproj", "{5A0ADAB6-5174-4D14-A9D2-31A314C76A3A}"
EndProject
Project("{FAE04EC0-301F-11D3-BF4B-00C04F79EFBC}") = "HalyomorphaHalys.Classifier", "HalyomorphaHalys.Classifier\HalyomorphaHalys.Classifier.csproj", "{E76222B4-CEB2-49A8-A380-5EB02ACEC291}"
EndProject
Global
	GlobalSection(SolutionConfigurationPlatforms) = preSolution
		Debug|Any CPU = Debug|Any CPU
		Debug|ARM = Debug|ARM
		Debug|iPhone = Debug|iPhone
		Debug|iPhoneSimulator = Debug|iPhoneSimulator
		Debug|x64 = Debug|x64
		Debug|x86 = Debug|x86
		Release|Any CPU = Release|Any CPU
		Release|ARM = Release|ARM
		Release|iPhone = Release|iPhone
		Release|iPhoneSimulator = Release|iPhoneSimulator
		Release|x64 = Release|x64
		Release|x86 = Release|x86
	EndGlobalSection
	GlobalSection(ProjectConfigurationPlatforms) = postSolution
		{45CF3D62-35BF-4879-86D9-75CEDDD79A9C}.Debug|Any CPU.ActiveCfg = Debug|Any CPU
		{45CF3D62-35BF-4879-86D9-75CEDDD79A9C}.Debug|Any CPU.Build.0 = Debug|Any CPU
		{45CF3D62-35BF-4879-86D9-75CEDDD79A9C}.Debug|ARM.ActiveCfg = Debug|Any CPU
		{45CF3D62-35BF-4879-86D9-75CEDDD79A9C}.Debug|ARM.Build.0 = Debug|Any CPU
		{45CF3D62-35BF-4879-86D9-75CEDDD79A9C}.Debug|iPhone.ActiveCfg = Debug|Any CPU
		{45CF3D62-35BF-4879-86D9-75CEDDD79A9C}.Debug|iPhone.Build.0 = Debug|Any CPU
		{45CF3D62-35BF-4879-86D9-75CEDDD79A9C}.Debug|iPhoneSimulator.ActiveCfg = Debug|Any CPU
		{45CF3D62-35BF-4879-86D9-75CEDDD79A9C}.Debug|iPhoneSimulator.Build.0 = Debug|Any CPU
		{45CF3D62-35BF-4879-86D9-75CEDDD79A9C}.Debug|x64.ActiveCfg = Debug|Any CPU
		{45CF3D62-35BF-4879-86D9-75CEDDD79A9C}.Debug|x64.Build.0 = Debug|Any CPU
		{45CF3D62-35BF-4879-86D9-75CEDDD79A9C}.Debug|x86.ActiveCfg = Debug|Any CPU
		{45CF3D62-35BF-4879-86D9-75CEDDD79A9C}.Debug|x86.Build.0 = Debug|Any CPU
		{45CF3D62-35BF-4879-86D9-75CEDDD79A9C}.Release|Any CPU.ActiveCfg = Release|Any CPU
		{45CF3D62-35BF-4879-86D9-75CEDDD79A9C}.Release|Any CPU.Build.0 = Release|Any CPU
		{45CF3D62-35BF-4879-86D9-75CEDDD79A9C}.Release|ARM.ActiveCfg = Release|Any CPU
		{45CF3D62-35BF-4879-86D9-75CEDDD79A9C}.Release|ARM.Build.0 = Release|Any CPU
		{45CF3D62-35BF-4879-86D9-75CEDDD79A9C}.Release|iPhone.ActiveCfg = Release|Any CPU
		{45CF3D62-35BF-4879-86D9-75CEDDD79A9C}.Release|iPhone.Build.0 = Release|Any CPU
		{45CF3D62-35BF-4879-86D9-75CEDDD79A9C}.Release|iPhoneSimulator.ActiveCfg = Release|Any CPU
		{45CF3D62-35BF-4879-86D9-75CEDDD79A9C}.Release|iPhoneSimulator.Build.0 = Release|Any CPU
		{45CF3D62-35BF-4879-86D9-75CEDDD79A9C}.Release|x64.ActiveCfg = Release|Any CPU
		{45CF3D62-35BF-4879-86D9-75CEDDD79A9C}.Release|x64.Build.0 = Release|Any CPU
		{45CF3D62-35BF-4879-86D9-75CEDDD79A9C}.Release|x86.ActiveCfg = Release|Any CPU
		{45CF3D62-35BF-4879-86D9-75CEDDD79A9C}.Release|x86.Build.0 = Release|Any CPU
		{1699D866-CFFC-4E1A-8ACD-5689FAC08764}.Debug|Any CPU.ActiveCfg = Debug|Any CPU
		{1699D866-CFFC-4E1A-8ACD-5689FAC08764}.Debug|Any CPU.Build.0 = Debug|Any CPU
		{1699D866-CFFC-4E1A-8ACD-5689FAC08764}.Debug|ARM.ActiveCfg = Debug|Any CPU
		{1699D866-CFFC-4E1A-8ACD-5689FAC08764}.Debug|ARM.Build.0 = Debug|Any CPU
		{1699D866-CFFC-4E1A-8ACD-5689FAC08764}.Debug|iPhone.ActiveCfg = Debug|Any CPU
		{1699D866-CFFC-4E1A-8ACD-5689FAC08764}.Debug|iPhone.Build.0 = Debug|Any CPU
		{1699D866-CFFC-4E1A-8ACD-5689FAC08764}.Debug|iPhoneSimulator.ActiveCfg = Debug|Any CPU
		{1699D866-CFFC-4E1A-8ACD-5689FAC08764}.Debug|iPhoneSimulator.Build.0 = Debug|Any CPU
		{1699D866-CFFC-4E1A-8ACD-5689FAC08764}.Debug|x64.ActiveCfg = Debug|Any CPU
		{1699D866-CFFC-4E1A-8ACD-5689FAC08764}.Debug|x64.Build.0 = Debug|Any CPU
		{1699D866-CFFC-4E1A-8ACD-5689FAC08764}.Debug|x86.ActiveCfg = Debug|Any CPU
		{1699D866-CFFC-4E1A-8ACD-5689FAC08764}.Debug|x86.Build.0 = Debug|Any CPU
		{1699D866-CFFC-4E1A-8ACD-5689FAC08764}.Release|Any CPU.ActiveCfg = Release|Any CPU
		{1699D866-CFFC-4E1A-8ACD-5689FAC08764}.Release|Any CPU.Build.0 = Release|Any CPU
		{1699D866-CFFC-4E1A-8ACD-5689FAC08764}.Release|ARM.ActiveCfg = Release|Any CPU
		{1699D866-CFFC-4E1A-8ACD-5689FAC08764}.Release|ARM.Build.0 = Release|Any CPU
		{1699D866-CFFC-4E1A-8ACD-5689FAC08764}.Release|iPhone.ActiveCfg = Release|Any CPU
		{1699D866-CFFC-4E1A-8ACD-5689FAC08764}.Release|iPhone.Build.0 = Release|Any CPU
		{1699D866-CFFC-4E1A-8ACD-5689FAC08764}.Release|iPhoneSimulator.ActiveCfg = Release|Any CPU
		{1699D866-CFFC-4E1A-8ACD-5689FAC08764}.Release|iPhoneSimulator.Build.0 = Release|Any CPU
		{1699D866-CFFC-4E1A-8ACD-5689FAC08764}.Release|x64.ActiveCfg = Release|Any CPU
		{1699D866-CFFC-4E1A-8ACD-5689FAC08764}.Release|x64.Build.0 = Release|Any CPU
		{1699D866-CFFC-4E1A-8ACD-5689FAC08764}.Release|x86.ActiveCfg = Release|Any CPU
		{1699D866-CFFC-4E1A-8ACD-5689FAC08764}.Release|x86.Build.0 = Release|Any CPU
		{0E154C30-E76C-49B3-8330-08FFB94401B0}.Debug|Any CPU.ActiveCfg = Debug|Any CPU
		{0E154C30-E76C-49B3-8330-08FFB94401B0}.Debug|Any CPU.Build.0 = Debug|Any CPU
		{0E154C30-E76C-49B3-8330-08FFB94401B0}.Debug|ARM.ActiveCfg = Debug|Any CPU
		{0E154C30-E76C-49B3-8330-08FFB94401B0}.Debug|ARM.Build.0 = Debug|Any CPU
		{0E154C30-E76C-49B3-8330-08FFB94401B0}.Debug|iPhone.ActiveCfg = Debug|Any CPU
		{0E154C30-E76C-49B3-8330-08FFB94401B0}.Debug|iPhone.Build.0 = Debug|Any CPU
		{0E154C30-E76C-49B3-8330-08FFB94401B0}.Debug|iPhoneSimulator.ActiveCfg = Debug|Any CPU
		{0E154C30-E76C-49B3-8330-08FFB94401B0}.Debug|iPhoneSimulator.Build.0 = Debug|Any CPU
		{0E154C30-E76C-49B3-8330-08FFB94401B0}.Debug|x64.ActiveCfg = Debug|Any CPU
		{0E154C30-E76C-49B3-8330-08FFB94401B0}.Debug|x64.Build.0 = Debug|Any CPU
		{0E154C30-E76C-49B3-8330-08FFB94401B0}.Debug|x86.ActiveCfg = Debug|Any CPU
		{0E154C30-E76C-49B3-8330-08FFB94401B0}.Debug|x86.Build.0 = Debug|Any CPU
		{0E154C30-E76C-49B3-8330-08FFB94401B0}.Release|Any CPU.ActiveCfg = Release|Any CPU
		{0E154C30-E76C-49B3-8330-08FFB94401B0}.Release|Any CPU.Build.0 = Release|Any CPU
		{0E154C30-E76C-49B3-8330-08FFB94401B0}.Release|ARM.ActiveCfg = Release|Any CPU
		{0E154C30-E76C-49B3-8330-08FFB94401B0}.Release|ARM.Build.0 = Release|Any CPU
		{0E154C30-E76C-49B3-8330-08FFB94401B0}.Release|iPhone.ActiveCfg = Release|Any CPU
		{0E154C30-E76C-49B3-8330-08FFB94401B0}.Release|iPhone.Build.0 = Release|Any CPU
		{0E154C30-E76C-49B3-8330-08FFB94401B0}.Release|iPhoneSimulator.ActiveCfg = Release|Any CPU
		{0E154C30-E76C-49B3-8330-08FFB94401B0}.Release|iPhoneSimulator.Build.0 = Release|Any CPU
		{0E154C30-E76C-49B3-8330-08FFB94401B0}.Release|x64.ActiveCfg = Release|Any CPU
		{0E154C30-E76C-49B3-8330-08FFB94401B0}.Release|x64.Build.0 = Release|Any CPU
		{0E154C30-E76C-49B3-8330-08FFB94401B0}.Release|x86.ActiveCfg = Release|Any CPU
		{0E154C30-E76C-49B3-8330-08FFB94401B0}.Release|x86.Build.0 = Release|Any CPU
		{CD520A75-F143-4F49-9F83-21909E53A4D0}.Debug|Any CPU.ActiveCfg = Debug|x64
		{CD520A75-F143-4F49-9F83-21909E53A4D0}.Debug|Any CPU.Build.0 = Debug|x64
		{CD520A75-F143-4F49-9F83-21909E53A4D0}.Debug|Any CPU.Deploy.0 = Debug|x64
		{CD520A75-F143-4F49-9F83-21909E53A4D0}.Debug|ARM.ActiveCfg = Debug|ARM
		{CD520A75-F143-4F49-9F83-21909E53A4D0}.Debug|ARM.Build.0 = Debug|ARM
		{CD520A75-F143-4F49-9F83-21909E53A4D0}.Debug|ARM.Deploy.0 = Debug|ARM
		{CD520A75-F143-4F49-9F83-21909E53A4D0}.Debug|iPhone.ActiveCfg = Debug|x64
		{CD520A75-F143-4F49-9F83-21909E53A4D0}.Debug|iPhone.Build.0 = Debug|x64
		{CD520A75-F143-4F49-9F83-21909E53A4D0}.Debug|iPhone.Deploy.0 = Debug|x64
		{CD520A75-F143-4F49-9F83-21909E53A4D0}.Debug|iPhoneSimulator.ActiveCfg = Debug|x64
		{CD520A75-F143-4F49-9F83-21909E53A4D0}.Debug|iPhoneSimulator.Build.0 = Debug|x64
		{CD520A75-F143-4F49-9F83-21909E53A4D0}.Debug|iPhoneSimulator.Deploy.0 = Debug|x64
		{CD520A75-F143-4F49-9F83-21909E53A4D0}.Debug|x64.ActiveCfg = Debug|x64
		{CD520A75-F143-4F49-9F83-21909E53A4D0}.Debug|x64.Build.0 = Debug|x64
		{CD520A75-F143-4F49-9F83-21909E53A4D0}.Debug|x64.Deploy.0 = Debug|x64
		{CD520A75-F143-4F49-9F83-21909E53A4D0}.Debug|x86.ActiveCfg = Debug|x86
		{CD520A75-F143-4F49-9F83-21909E53A4D0}.Debug|x86.Build.0 = Debug|x86
		{CD520A75-F143-4F49-9F83-21909E53A4D0}.Debug|x86.Deploy.0 = Debug|x86
		{CD520A75-F143-4F49-9F83-21909E53A4D0}.Release|Any CPU.ActiveCfg = Release|x64
		{CD520A75-F143-4F49-9F83-21909E53A4D0}.Release|Any CPU.Build.0 = Release|x64
		{CD520A75-F143-4F49-9F83-21909E53A4D0}.Release|Any CPU.Deploy.0 = Release|x64
		{CD520A75-F143-4F49-9F83-21909E53A4D0}.Release|ARM.ActiveCfg = Release|ARM
		{CD520A75-F143-4F49-9F83-21909E53A4D0}.Release|ARM.Build.0 = Release|ARM
		{CD520A75-F143-4F49-9F83-21909E53A4D0}.Release|ARM.Deploy.0 = Release|ARM
		{CD520A75-F143-4F49-9F83-21909E53A4D0}.Release|iPhone.ActiveCfg = Release|x64
		{CD520A75-F143-4F49-9F83-21909E53A4D0}.Release|iPhone.Build.0 = Release|x64
		{CD520A75-F143-4F49-9F83-21909E53A4D0}.Release|iPhone.Deploy.0 = Release|x64
		{CD520A75-F143-4F49-9F83-21909E53A4D0}.Release|iPhoneSimulator.ActiveCfg = Release|x64
		{CD520A75-F143-4F49-9F83-21909E53A4D0}.Release|iPhoneSimulator.Build.0 = Release|x64
		{CD520A75-F143-4F49-9F83-21909E53A4D0}.Release|iPhoneSimulator.Deploy.0 = Release|x64
		{CD520A75-F143-4F49-9F83-21909E53A4D0}.Release|x64.ActiveCfg = Release|x64
		{CD520A75-F143-4F49-9F83-21909E53A4D0}.Release|x64.Build.0 = Release|x64
		{CD520A75-F143-4F49-9F83-21909E53A4D0}.Release|x64.Deploy.0 = Release|x64
		{CD520A75-F143-4F49-9F83-21909E53A4D0}.Release|x86.ActiveCfg = Release|x86
		{CD520A75-F143-4F49-9F83-21909E53A4D0}.Release|x86.Build.0 = Release|x86
		{CD520A75-F143-4F49-9F83-21909E53A4D0}.Release|x86.Deploy.0 = Release|x86
		{65BB1048-F96C-451B-A66A-00789F0B8961}.Debug|Any CPU.ActiveCfg = Debug|Any CPU
		{65BB1048-F96C-451B-A66A-00789F0B8961}.Debug|Any CPU.Build.0 = Debug|Any CPU
		{65BB1048-F96C-451B-A66A-00789F0B8961}.Debug|Any CPU.Deploy.0 = Debug|Any CPU
		{65BB1048-F96C-451B-A66A-00789F0B8961}.Debug|ARM.ActiveCfg = Debug|Any CPU
		{65BB1048-F96C-451B-A66A-00789F0B8961}.Debug|ARM.Build.0 = Debug|Any CPU
		{65BB1048-F96C-451B-A66A-00789F0B8961}.Debug|ARM.Deploy.0 = Debug|Any CPU
		{65BB1048-F96C-451B-A66A-00789F0B8961}.Debug|iPhone.ActiveCfg = Debug|Any CPU
		{65BB1048-F96C-451B-A66A-00789F0B8961}.Debug|iPhone.Build.0 = Debug|Any CPU
		{65BB1048-F96C-451B-A66A-00789F0B8961}.Debug|iPhone.Deploy.0 = Debug|Any CPU
		{65BB1048-F96C-451B-A66A-00789F0B8961}.Debug|iPhoneSimulator.ActiveCfg = Debug|Any CPU
		{65BB1048-F96C-451B-A66A-00789F0B8961}.Debug|iPhoneSimulator.Build.0 = Debug|Any CPU
		{65BB1048-F96C-451B-A66A-00789F0B8961}.Debug|iPhoneSimulator.Deploy.0 = Debug|Any CPU
		{65BB1048-F96C-451B-A66A-00789F0B8961}.Debug|x64.ActiveCfg = Debug|Any CPU
		{65BB1048-F96C-451B-A66A-00789F0B8961}.Debug|x64.Build.0 = Debug|Any CPU
		{65BB1048-F96C-451B-A66A-00789F0B8961}.Debug|x64.Deploy.0 = Debug|Any CPU
		{65BB1048-F96C-451B-A66A-00789F0B8961}.Debug|x86.ActiveCfg = Debug|Any CPU
		{65BB1048-F96C-451B-A66A-00789F0B8961}.Debug|x86.Build.0 = Debug|Any CPU
		{65BB1048-F96C-451B-A66A-00789F0B8961}.Debug|x86.Deploy.0 = Debug|Any CPU
		{65BB1048-F96C-451B-A66A-00789F0B8961}.Release|Any CPU.ActiveCfg = Release|Any CPU
		{65BB1048-F96C-451B-A66A-00789F0B8961}.Release|Any CPU.Build.0 = Release|Any CPU
		{65BB1048-F96C-451B-A66A-00789F0B8961}.Release|Any CPU.Deploy.0 = Release|Any CPU
		{65BB1048-F96C-451B-A66A-00789F0B8961}.Release|ARM.ActiveCfg = Release|Any CPU
		{65BB1048-F96C-451B-A66A-00789F0B8961}.Release|ARM.Build.0 = Release|Any CPU
		{65BB1048-F96C-451B-A66A-00789F0B8961}.Release|ARM.Deploy.0 = Release|Any CPU
		{65BB1048-F96C-451B-A66A-00789F0B8961}.Release|iPhone.ActiveCfg = Release|Any CPU
		{65BB1048-F96C-451B-A66A-00789F0B8961}.Release|iPhone.Build.0 = Release|Any CPU
		{65BB1048-F96C-451B-A66A-00789F0B8961}.Release|iPhone.Deploy.0 = Release|Any CPU
		{65BB1048-F96C-451B-A66A-00789F0B8961}.Release|iPhoneSimulator.ActiveCfg = Release|Any CPU
		{65BB1048-F96C-451B-A66A-00789F0B8961}.Release|iPhoneSimulator.Build.0 = Release|Any CPU
		{65BB1048-F96C-451B-A66A-00789F0B8961}.Release|iPhoneSimulator.Deploy.0 = Release|Any CPU
		{65BB1048-F96C-451B-A66A-00789F0B8961}.Release|x64.ActiveCfg = Release|Any CPU
		{65BB1048-F96C-451B-A66A-00789F0B8961}.Release|x64.Build.0 = Release|Any CPU
		{65BB1048-F96C-451B-A66A-00789F0B8961}.Release|x64.Deploy.0 = Release|Any CPU
		{65BB1048-F96C-451B-A66A-00789F0B8961}.Release|x86.ActiveCfg = Release|Any CPU
		{65BB1048-F96C-451B-A66A-00789F0B8961}.Release|x86.Build.0 = Release|Any CPU
		{65BB1048-F96C-451B-A66A-00789F0B8961}.Release|x86.Deploy.0 = Release|Any CPU
		{48FA0A32-2DD9-4C93-AB23-5CB06AA2863E}.Debug|Any CPU.ActiveCfg = Debug|iPhoneSimulator
		{48FA0A32-2DD9-4C93-AB23-5CB06AA2863E}.Debug|Any CPU.Build.0 = Debug|iPhoneSimulator
		{48FA0A32-2DD9-4C93-AB23-5CB06AA2863E}.Debug|ARM.ActiveCfg = Debug|iPhoneSimulator
		{48FA0A32-2DD9-4C93-AB23-5CB06AA2863E}.Debug|ARM.Build.0 = Debug|iPhoneSimulator
		{48FA0A32-2DD9-4C93-AB23-5CB06AA2863E}.Debug|iPhone.ActiveCfg = Debug|iPhone
		{48FA0A32-2DD9-4C93-AB23-5CB06AA2863E}.Debug|iPhone.Build.0 = Debug|iPhone
		{48FA0A32-2DD9-4C93-AB23-5CB06AA2863E}.Debug|iPhoneSimulator.ActiveCfg = Debug|iPhoneSimulator
		{48FA0A32-2DD9-4C93-AB23-5CB06AA2863E}.Debug|iPhoneSimulator.Build.0 = Debug|iPhoneSimulator
		{48FA0A32-2DD9-4C93-AB23-5CB06AA2863E}.Debug|x64.ActiveCfg = Debug|iPhoneSimulator
		{48FA0A32-2DD9-4C93-AB23-5CB06AA2863E}.Debug|x64.Build.0 = Debug|iPhoneSimulator
		{48FA0A32-2DD9-4C93-AB23-5CB06AA2863E}.Debug|x86.ActiveCfg = Debug|iPhoneSimulator
		{48FA0A32-2DD9-4C93-AB23-5CB06AA2863E}.Debug|x86.Build.0 = Debug|iPhoneSimulator
		{48FA0A32-2DD9-4C93-AB23-5CB06AA2863E}.Release|Any CPU.ActiveCfg = Release|iPhoneSimulator
		{48FA0A32-2DD9-4C93-AB23-5CB06AA2863E}.Release|Any CPU.Build.0 = Release|iPhoneSimulator
		{48FA0A32-2DD9-4C93-AB23-5CB06AA2863E}.Release|ARM.ActiveCfg = Release|iPhoneSimulator
		{48FA0A32-2DD9-4C93-AB23-5CB06AA2863E}.Release|ARM.Build.0 = Release|iPhoneSimulator
		{48FA0A32-2DD9-4C93-AB23-5CB06AA2863E}.Release|iPhone.ActiveCfg = Release|iPhone
		{48FA0A32-2DD9-4C93-AB23-5CB06AA2863E}.Release|iPhone.Build.0 = Release|iPhone
		{48FA0A32-2DD9-4C93-AB23-5CB06AA2863E}.Release|iPhoneSimulator.ActiveCfg = Release|iPhoneSimulator
		{48FA0A32-2DD9-4C93-AB23-5CB06AA2863E}.Release|iPhoneSimulator.Build.0 = Release|iPhoneSimulator
		{48FA0A32-2DD9-4C93-AB23-5CB06AA2863E}.Release|x64.ActiveCfg = Release|iPhoneSimulator
		{48FA0A32-2DD9-4C93-AB23-5CB06AA2863E}.Release|x64.Build.0 = Release|iPhoneSimulator
		{48FA0A32-2DD9-4C93-AB23-5CB06AA2863E}.Release|x86.ActiveCfg = Release|iPhoneSimulator
		{48FA0A32-2DD9-4C93-AB23-5CB06AA2863E}.Release|x86.Build.0 = Release|iPhoneSimulator
		{026E3284-3F71-4E08-B9DF-ED4EE0B92009}.Debug|Any CPU.ActiveCfg = Debug|Any CPU
		{026E3284-3F71-4E08-B9DF-ED4EE0B92009}.Debug|Any CPU.Build.0 = Debug|Any CPU
		{026E3284-3F71-4E08-B9DF-ED4EE0B92009}.Debug|ARM.ActiveCfg = Debug|Any CPU
		{026E3284-3F71-4E08-B9DF-ED4EE0B92009}.Debug|ARM.Build.0 = Debug|Any CPU
		{026E3284-3F71-4E08-B9DF-ED4EE0B92009}.Debug|iPhone.ActiveCfg = Debug|Any CPU
		{026E3284-3F71-4E08-B9DF-ED4EE0B92009}.Debug|iPhone.Build.0 = Debug|Any CPU
		{026E3284-3F71-4E08-B9DF-ED4EE0B92009}.Debug|iPhoneSimulator.ActiveCfg = Debug|Any CPU
		{026E3284-3F71-4E08-B9DF-ED4EE0B92009}.Debug|iPhoneSimulator.Build.0 = Debug|Any CPU
		{026E3284-3F71-4E08-B9DF-ED4EE0B92009}.Debug|x64.ActiveCfg = Debug|Any CPU
		{026E3284-3F71-4E08-B9DF-ED4EE0B92009}.Debug|x64.Build.0 = Debug|Any CPU
		{026E3284-3F71-4E08-B9DF-ED4EE0B92009}.Debug|x86.ActiveCfg = Debug|Any CPU
		{026E3284-3F71-4E08-B9DF-ED4EE0B92009}.Debug|x86.Build.0 = Debug|Any CPU
		{026E3284-3F71-4E08-B9DF-ED4EE0B92009}.Release|Any CPU.ActiveCfg = Release|Any CPU
		{026E3284-3F71-4E08-B9DF-ED4EE0B92009}.Release|Any CPU.Build.0 = Release|Any CPU
		{026E3284-3F71-4E08-B9DF-ED4EE0B92009}.Release|ARM.ActiveCfg = Release|Any CPU
		{026E3284-3F71-4E08-B9DF-ED4EE0B92009}.Release|ARM.Build.0 = Release|Any CPU
		{026E3284-3F71-4E08-B9DF-ED4EE0B92009}.Release|iPhone.ActiveCfg = Release|Any CPU
		{026E3284-3F71-4E08-B9DF-ED4EE0B92009}.Release|iPhone.Build.0 = Release|Any CPU
		{026E3284-3F71-4E08-B9DF-ED4EE0B92009}.Release|iPhoneSimulator.ActiveCfg = Release|Any CPU
		{026E3284-3F71-4E08-B9DF-ED4EE0B92009}.Release|iPhoneSimulator.Build.0 = Release|Any CPU
		{026E3284-3F71-4E08-B9DF-ED4EE0B92009}.Release|x64.ActiveCfg = Release|Any CPU
		{026E3284-3F71-4E08-B9DF-ED4EE0B92009}.Release|x64.Build.0 = Release|Any CPU
		{026E3284-3F71-4E08-B9DF-ED4EE0B92009}.Release|x86.ActiveCfg = Release|Any CPU
		{026E3284-3F71-4E08-B9DF-ED4EE0B92009}.Release|x86.Build.0 = Release|Any CPU
		{5FA37F76-E2C3-4E5F-B69E-FDC0334C8CF7}.Debug|Any CPU.ActiveCfg = Debug|Any CPU
		{5FA37F76-E2C3-4E5F-B69E-FDC0334C8CF7}.Debug|Any CPU.Build.0 = Debug|Any CPU
		{5FA37F76-E2C3-4E5F-B69E-FDC0334C8CF7}.Debug|ARM.ActiveCfg = Debug|Any CPU
		{5FA37F76-E2C3-4E5F-B69E-FDC0334C8CF7}.Debug|ARM.Build.0 = Debug|Any CPU
		{5FA37F76-E2C3-4E5F-B69E-FDC0334C8CF7}.Debug|iPhone.ActiveCfg = Debug|Any CPU
		{5FA37F76-E2C3-4E5F-B69E-FDC0334C8CF7}.Debug|iPhone.Build.0 = Debug|Any CPU
		{5FA37F76-E2C3-4E5F-B69E-FDC0334C8CF7}.Debug|iPhoneSimulator.ActiveCfg = Debug|Any CPU
		{5FA37F76-E2C3-4E5F-B69E-FDC0334C8CF7}.Debug|iPhoneSimulator.Build.0 = Debug|Any CPU
		{5FA37F76-E2C3-4E5F-B69E-FDC0334C8CF7}.Debug|x64.ActiveCfg = Debug|Any CPU
		{5FA37F76-E2C3-4E5F-B69E-FDC0334C8CF7}.Debug|x64.Build.0 = Debug|Any CPU
		{5FA37F76-E2C3-4E5F-B69E-FDC0334C8CF7}.Debug|x86.ActiveCfg = Debug|Any CPU
		{5FA37F76-E2C3-4E5F-B69E-FDC0334C8CF7}.Debug|x86.Build.0 = Debug|Any CPU
		{5FA37F76-E2C3-4E5F-B69E-FDC0334C8CF7}.Release|Any CPU.ActiveCfg = Release|Any CPU
		{5FA37F76-E2C3-4E5F-B69E-FDC0334C8CF7}.Release|Any CPU.Build.0 = Release|Any CPU
		{5FA37F76-E2C3-4E5F-B69E-FDC0334C8CF7}.Release|ARM.ActiveCfg = Release|Any CPU
		{5FA37F76-E2C3-4E5F-B69E-FDC0334C8CF7}.Release|ARM.Build.0 = Release|Any CPU
		{5FA37F76-E2C3-4E5F-B69E-FDC0334C8CF7}.Release|iPhone.ActiveCfg = Release|Any CPU
		{5FA37F76-E2C3-4E5F-B69E-FDC0334C8CF7}.Release|iPhone.Build.0 = Release|Any CPU
		{5FA37F76-E2C3-4E5F-B69E-FDC0334C8CF7}.Release|iPhoneSimulator.ActiveCfg = Release|Any CPU
		{5FA37F76-E2C3-4E5F-B69E-FDC0334C8CF7}.Release|iPhoneSimulator.Build.0 = Release|Any CPU
		{5FA37F76-E2C3-4E5F-B69E-FDC0334C8CF7}.Release|x64.ActiveCfg = Release|Any CPU
		{5FA37F76-E2C3-4E5F-B69E-FDC0334C8CF7}.Release|x64.Build.0 = Release|Any CPU
		{5FA37F76-E2C3-4E5F-B69E-FDC0334C8CF7}.Release|x86.ActiveCfg = Release|Any CPU
		{5FA37F76-E2C3-4E5F-B69E-FDC0334C8CF7}.Release|x86.Build.0 = Release|Any CPU
		{39DE2C1F-2312-4800-90B4-8E5EFB4FCEBB}.Debug|Any CPU.ActiveCfg = Debug|Any CPU
		{39DE2C1F-2312-4800-90B4-8E5EFB4FCEBB}.Debug|Any CPU.Build.0 = Debug|Any CPU
		{39DE2C1F-2312-4800-90B4-8E5EFB4FCEBB}.Debug|ARM.ActiveCfg = Debug|Any CPU
		{39DE2C1F-2312-4800-90B4-8E5EFB4FCEBB}.Debug|ARM.Build.0 = Debug|Any CPU
		{39DE2C1F-2312-4800-90B4-8E5EFB4FCEBB}.Debug|iPhone.ActiveCfg = Debug|Any CPU
		{39DE2C1F-2312-4800-90B4-8E5EFB4FCEBB}.Debug|iPhone.Build.0 = Debug|Any CPU
		{39DE2C1F-2312-4800-90B4-8E5EFB4FCEBB}.Debug|iPhoneSimulator.ActiveCfg = Debug|Any CPU
		{39DE2C1F-2312-4800-90B4-8E5EFB4FCEBB}.Debug|iPhoneSimulator.Build.0 = Debug|Any CPU
		{39DE2C1F-2312-4800-90B4-8E5EFB4FCEBB}.Debug|x64.ActiveCfg = Debug|Any CPU
		{39DE2C1F-2312-4800-90B4-8E5EFB4FCEBB}.Debug|x64.Build.0 = Debug|Any CPU
		{39DE2C1F-2312-4800-90B4-8E5EFB4FCEBB}.Debug|x86.ActiveCfg = Debug|Any CPU
		{39DE2C1F-2312-4800-90B4-8E5EFB4FCEBB}.Debug|x86.Build.0 = Debug|Any CPU
		{39DE2C1F-2312-4800-90B4-8E5EFB4FCEBB}.Release|Any CPU.ActiveCfg = Release|Any CPU
		{39DE2C1F-2312-4800-90B4-8E5EFB4FCEBB}.Release|Any CPU.Build.0 = Release|Any CPU
		{39DE2C1F-2312-4800-90B4-8E5EFB4FCEBB}.Release|ARM.ActiveCfg = Release|Any CPU
		{39DE2C1F-2312-4800-90B4-8E5EFB4FCEBB}.Release|ARM.Build.0 = Release|Any CPU
		{39DE2C1F-2312-4800-90B4-8E5EFB4FCEBB}.Release|iPhone.ActiveCfg = Release|Any CPU
		{39DE2C1F-2312-4800-90B4-8E5EFB4FCEBB}.Release|iPhone.Build.0 = Release|Any CPU
		{39DE2C1F-2312-4800-90B4-8E5EFB4FCEBB}.Release|iPhoneSimulator.ActiveCfg = Release|Any CPU
		{39DE2C1F-2312-4800-90B4-8E5EFB4FCEBB}.Release|iPhoneSimulator.Build.0 = Release|Any CPU
		{39DE2C1F-2312-4800-90B4-8E5EFB4FCEBB}.Release|x64.ActiveCfg = Release|Any CPU
		{39DE2C1F-2312-4800-90B4-8E5EFB4FCEBB}.Release|x64.Build.0 = Release|Any CPU
		{39DE2C1F-2312-4800-90B4-8E5EFB4FCEBB}.Release|x86.ActiveCfg = Release|Any CPU
		{39DE2C1F-2312-4800-90B4-8E5EFB4FCEBB}.Release|x86.Build.0 = Release|Any CPU
		{C1A79195-E699-4A8B-AA7A-7EAB4F3FD4B0}.Debug|Any CPU.ActiveCfg = Debug|Any CPU
		{C1A79195-E699-4A8B-AA7A-7EAB4F3FD4B0}.Debug|Any CPU.Build.0 = Debug|Any CPU
		{C1A79195-E699-4A8B-AA7A-7EAB4F3FD4B0}.Debug|ARM.ActiveCfg = Debug|Any CPU
		{C1A79195-E699-4A8B-AA7A-7EAB4F3FD4B0}.Debug|ARM.Build.0 = Debug|Any CPU
		{C1A79195-E699-4A8B-AA7A-7EAB4F3FD4B0}.Debug|iPhone.ActiveCfg = Debug|Any CPU
		{C1A79195-E699-4A8B-AA7A-7EAB4F3FD4B0}.Debug|iPhone.Build.0 = Debug|Any CPU
		{C1A79195-E699-4A8B-AA7A-7EAB4F3FD4B0}.Debug|iPhoneSimulator.ActiveCfg = Debug|Any CPU
		{C1A79195-E699-4A8B-AA7A-7EAB4F3FD4B0}.Debug|iPhoneSimulator.Build.0 = Debug|Any CPU
		{C1A79195-E699-4A8B-AA7A-7EAB4F3FD4B0}.Debug|x64.ActiveCfg = Debug|Any CPU
		{C1A79195-E699-4A8B-AA7A-7EAB4F3FD4B0}.Debug|x64.Build.0 = Debug|Any CPU
		{C1A79195-E699-4A8B-AA7A-7EAB4F3FD4B0}.Debug|x86.ActiveCfg = Debug|Any CPU
		{C1A79195-E699-4A8B-AA7A-7EAB4F3FD4B0}.Debug|x86.Build.0 = Debug|Any CPU
		{C1A79195-E699-4A8B-AA7A-7EAB4F3FD4B0}.Release|Any CPU.ActiveCfg = Release|Any CPU
		{C1A79195-E699-4A8B-AA7A-7EAB4F3FD4B0}.Release|Any CPU.Build.0 = Release|Any CPU
		{C1A79195-E699-4A8B-AA7A-7EAB4F3FD4B0}.Release|ARM.ActiveCfg = Release|Any CPU
		{C1A79195-E699-4A8B-AA7A-7EAB4F3FD4B0}.Release|ARM.Build.0 = Release|Any CPU
		{C1A79195-E699-4A8B-AA7A-7EAB4F3FD4B0}.Release|iPhone.ActiveCfg = Release|Any CPU
		{C1A79195-E699-4A8B-AA7A-7EAB4F3FD4B0}.Release|iPhone.Build.0 = Release|Any CPU
		{C1A79195-E699-4A8B-AA7A-7EAB4F3FD4B0}.Release|iPhoneSimulator.ActiveCfg = Release|Any CPU
		{C1A79195-E699-4A8B-AA7A-7EAB4F3FD4B0}.Release|iPhoneSimulator.Build.0 = Release|Any CPU
		{C1A79195-E699-4A8B-AA7A-7EAB4F3FD4B0}.Release|x64.ActiveCfg = Release|Any CPU
		{C1A79195-E699-4A8B-AA7A-7EAB4F3FD4B0}.Release|x64.Build.0 = Release|Any CPU
		{C1A79195-E699-4A8B-AA7A-7EAB4F3FD4B0}.Release|x86.ActiveCfg = Release|Any CPU
		{C1A79195-E699-4A8B-AA7A-7EAB4F3FD4B0}.Release|x86.Build.0 = Release|Any CPU
		{45C8B9DD-732D-4C4E-9E91-ACEE174FD5BF}.Debug|Any CPU.ActiveCfg = Debug|Any CPU
		{45C8B9DD-732D-4C4E-9E91-ACEE174FD5BF}.Debug|Any CPU.Build.0 = Debug|Any CPU
		{45C8B9DD-732D-4C4E-9E91-ACEE174FD5BF}.Debug|ARM.ActiveCfg = Debug|Any CPU
		{45C8B9DD-732D-4C4E-9E91-ACEE174FD5BF}.Debug|ARM.Build.0 = Debug|Any CPU
		{45C8B9DD-732D-4C4E-9E91-ACEE174FD5BF}.Debug|iPhone.ActiveCfg = Debug|Any CPU
		{45C8B9DD-732D-4C4E-9E91-ACEE174FD5BF}.Debug|iPhone.Build.0 = Debug|Any CPU
		{45C8B9DD-732D-4C4E-9E91-ACEE174FD5BF}.Debug|iPhoneSimulator.ActiveCfg = Debug|Any CPU
		{45C8B9DD-732D-4C4E-9E91-ACEE174FD5BF}.Debug|iPhoneSimulator.Build.0 = Debug|Any CPU
		{45C8B9DD-732D-4C4E-9E91-ACEE174FD5BF}.Debug|x64.ActiveCfg = Debug|Any CPU
		{45C8B9DD-732D-4C4E-9E91-ACEE174FD5BF}.Debug|x64.Build.0 = Debug|Any CPU
		{45C8B9DD-732D-4C4E-9E91-ACEE174FD5BF}.Debug|x86.ActiveCfg = Debug|Any CPU
		{45C8B9DD-732D-4C4E-9E91-ACEE174FD5BF}.Debug|x86.Build.0 = Debug|Any CPU
		{45C8B9DD-732D-4C4E-9E91-ACEE174FD5BF}.Release|Any CPU.ActiveCfg = Release|Any CPU
		{45C8B9DD-732D-4C4E-9E91-ACEE174FD5BF}.Release|Any CPU.Build.0 = Release|Any CPU
		{45C8B9DD-732D-4C4E-9E91-ACEE174FD5BF}.Release|ARM.ActiveCfg = Release|Any CPU
		{45C8B9DD-732D-4C4E-9E91-ACEE174FD5BF}.Release|ARM.Build.0 = Release|Any CPU
		{45C8B9DD-732D-4C4E-9E91-ACEE174FD5BF}.Release|iPhone.ActiveCfg = Release|Any CPU
		{45C8B9DD-732D-4C4E-9E91-ACEE174FD5BF}.Release|iPhone.Build.0 = Release|Any CPU
		{45C8B9DD-732D-4C4E-9E91-ACEE174FD5BF}.Release|iPhoneSimulator.ActiveCfg = Release|Any CPU
		{45C8B9DD-732D-4C4E-9E91-ACEE174FD5BF}.Release|iPhoneSimulator.Build.0 = Release|Any CPU
		{45C8B9DD-732D-4C4E-9E91-ACEE174FD5BF}.Release|x64.ActiveCfg = Release|Any CPU
		{45C8B9DD-732D-4C4E-9E91-ACEE174FD5BF}.Release|x64.Build.0 = Release|Any CPU
		{45C8B9DD-732D-4C4E-9E91-ACEE174FD5BF}.Release|x86.ActiveCfg = Release|Any CPU
		{45C8B9DD-732D-4C4E-9E91-ACEE174FD5BF}.Release|x86.Build.0 = Release|Any CPU
		{5A0ADAB6-5174-4D14-A9D2-31A314C76A3A}.Debug|Any CPU.ActiveCfg = Debug|Any CPU
		{5A0ADAB6-5174-4D14-A9D2-31A314C76A3A}.Debug|Any CPU.Build.0 = Debug|Any CPU
		{5A0ADAB6-5174-4D14-A9D2-31A314C76A3A}.Debug|ARM.ActiveCfg = Debug|Any CPU
		{5A0ADAB6-5174-4D14-A9D2-31A314C76A3A}.Debug|ARM.Build.0 = Debug|Any CPU
		{5A0ADAB6-5174-4D14-A9D2-31A314C76A3A}.Debug|iPhone.ActiveCfg = Debug|Any CPU
		{5A0ADAB6-5174-4D14-A9D2-31A314C76A3A}.Debug|iPhone.Build.0 = Debug|Any CPU
		{5A0ADAB6-5174-4D14-A9D2-31A314C76A3A}.Debug|iPhoneSimulator.ActiveCfg = Debug|Any CPU
		{5A0ADAB6-5174-4D14-A9D2-31A314C76A3A}.Debug|iPhoneSimulator.Build.0 = Debug|Any CPU
		{5A0ADAB6-5174-4D14-A9D2-31A314C76A3A}.Debug|x64.ActiveCfg = Debug|Any CPU
		{5A0ADAB6-5174-4D14-A9D2-31A314C76A3A}.Debug|x64.Build.0 = Debug|Any CPU
		{5A0ADAB6-5174-4D14-A9D2-31A314C76A3A}.Debug|x86.ActiveCfg = Debug|Any CPU
		{5A0ADAB6-5174-4D14-A9D2-31A314C76A3A}.Debug|x86.Build.0 = Debug|Any CPU
		{5A0ADAB6-5174-4D14-A9D2-31A314C76A3A}.Release|Any CPU.ActiveCfg = Release|Any CPU
		{5A0ADAB6-5174-4D14-A9D2-31A314C76A3A}.Release|Any CPU.Build.0 = Release|Any CPU
		{5A0ADAB6-5174-4D14-A9D2-31A314C76A3A}.Release|ARM.ActiveCfg = Release|Any CPU
		{5A0ADAB6-5174-4D14-A9D2-31A314C76A3A}.Release|ARM.Build.0 = Release|Any CPU
		{5A0ADAB6-5174-4D14-A9D2-31A314C76A3A}.Release|iPhone.ActiveCfg = Release|Any CPU
		{5A0ADAB6-5174-4D14-A9D2-31A314C76A3A}.Release|iPhone.Build.0 = Release|Any CPU
		{5A0ADAB6-5174-4D14-A9D2-31A314C76A3A}.Release|iPhoneSimulator.ActiveCfg = Release|Any CPU
		{5A0ADAB6-5174-4D14-A9D2-31A314C76A3A}.Release|iPhoneSimulator.Build.0 = Release|Any CPU
		{5A0ADAB6-5174-4D14-A9D2-31A314C76A3A}.Release|x64.ActiveCfg = Release|Any CPU
		{5A0ADAB6-5174-4D14-A9D2-31A314C76A3A}.Release|x64.Build.0 = Release|Any CPU
		{5A0ADAB6-5174-4D14-A9D2-31A314C76A3A}.Release|x86.ActiveCfg = Release|Any CPU
		{5A0ADAB6-5174-4D14-A9D2-31A314C76A3A}.Release|x86.Build.0 = Release|Any CPU
		{E76222B4-CEB2-49A8-A380-5EB02ACEC291}.Debug|Any CPU.ActiveCfg = Debug|Any CPU
		{E76222B4-CEB2-49A8-A380-5EB02ACEC291}.Debug|Any CPU.Build.0 = Debug|Any CPU
		{E76222B4-CEB2-49A8-A380-5EB02ACEC291}.Debug|ARM.ActiveCfg = Debug|Any CPU
		{E76222B4-CEB2-49A8-A380-5EB02ACEC291}.Debug|ARM.Build.0 = Debug|Any CPU
		{E76222B4-CEB2-49A8-A380-5EB02ACEC291}.Debug|iPhone.ActiveCfg = Debug|Any CPU
		{E76222B4-CEB2-49A8-A380-5EB02ACEC291}.Debug|iPhone.Build.0 = Debug|Any CPU
		{E76222B4-CEB2-49A8-A380-5EB02ACEC291}.Debug|iPhoneSimulator.ActiveCfg = Debug|Any CPU
		{E76222B4-CEB2-49A8-A380-5EB02ACEC291}.Debug|iPhoneSimulator.Build.0 = Debug|Any CPU
		{E76222B4-CEB2-49A8-A380-5EB02ACEC291}.Debug|x64.ActiveCfg = Debug|Any CPU
		{E76222B4-CEB2-49A8-A380-5EB02ACEC291}.Debug|x64.Build.0 = Debug|Any CPU
		{E76222B4-CEB2-49A8-A380-5EB02ACEC291}.Debug|x86.ActiveCfg = Debug|Any CPU
		{E76222B4-CEB2-49A8-A380-5EB02ACEC291}.Debug|x86.Build.0 = Debug|Any CPU
		{E76222B4-CEB2-49A8-A380-5EB02ACEC291}.Release|Any CPU.ActiveCfg = Release|Any CPU
		{E76222B4-CEB2-49A8-A380-5EB02ACEC291}.Release|Any CPU.Build.0 = Release|Any CPU
		{E76222B4-CEB2-49A8-A380-5EB02ACEC291}.Release|ARM.ActiveCfg = Release|Any CPU
		{E76222B4-CEB2-49A8-A380-5EB02ACEC291}.Release|ARM.Build.0 = Release|Any CPU
		{E76222B4-CEB2-49A8-A380-5EB02ACEC291}.Release|iPhone.ActiveCfg = Release|Any CPU
		{E76222B4-CEB2-49A8-A380-5EB02ACEC291}.Release|iPhone.Build.0 = Release|Any CPU
		{E76222B4-CEB2-49A8-A380-5EB02ACEC291}.Release|iPhoneSimulator.ActiveCfg = Release|Any CPU
		{E76222B4-CEB2-49A8-A380-5EB02ACEC291}.Release|iPhoneSimulator.Build.0 = Release|Any CPU
		{E76222B4-CEB2-49A8-A380-5EB02ACEC291}.Release|x64.ActiveCfg = Release|Any CPU
		{E76222B4-CEB2-49A8-A380-5EB02ACEC291}.Release|x64.Build.0 = Release|Any CPU
		{E76222B4-CEB2-49A8-A380-5EB02ACEC291}.Release|x86.ActiveCfg = Release|Any CPU
		{E76222B4-CEB2-49A8-A380-5EB02ACEC291}.Release|x86.Build.0 = Release|Any CPU
	EndGlobalSection
	GlobalSection(SolutionProperties) = preSolution
		HideSolutionNode = FALSE
	EndGlobalSection
	GlobalSection(NestedProjects) = preSolution
		{51D20CF9-5B33-4FDB-991B-945E2CCEBC6C} = {89394272-45B8-4986-AF1A-388D7B55FE68}
		{2908839D-3B3F-4BC0-90D2-A7CDDFA073DD} = {89394272-45B8-4986-AF1A-388D7B55FE68}
		{6652C15F-3CE4-4DED-8D30-BD9B29DCA948} = {89394272-45B8-4986-AF1A-388D7B55FE68}
		{F1F023F8-91E5-4E08-9DAE-3C436A593BCE} = {89394272-45B8-4986-AF1A-388D7B55FE68}
		{C1A79195-E699-4A8B-AA7A-7EAB4F3FD4B0} = {51D20CF9-5B33-4FDB-991B-945E2CCEBC6C}
		{45C8B9DD-732D-4C4E-9E91-ACEE174FD5BF} = {2908839D-3B3F-4BC0-90D2-A7CDDFA073DD}
		{5A0ADAB6-5174-4D14-A9D2-31A314C76A3A} = {F1F023F8-91E5-4E08-9DAE-3C436A593BCE}
		{E76222B4-CEB2-49A8-A380-5EB02ACEC291} = {6652C15F-3CE4-4DED-8D30-BD9B29DCA948}
	EndGlobalSection
	GlobalSection(ExtensibilityGlobals) = postSolution
		SolutionGuid = {E81F8DDF-59F3-4F7B-B839-1E57B6C62119}
	EndGlobalSection
EndGlobal
